
Microsoft Visual Studio Solution File, Format Version 11.00
# Visual Studio 2010
Project("{FAE04EC0-301F-11D3-BF4B-00C04F79EFBC}") = "VR_Car_v3", "Assembly-CSharp.csproj", "{A6587CCE-81B1-CE9E-2862-73AEDD47ED0E}"
EndProject
Project("{FAE04EC0-301F-11D3-BF4B-00C04F79EFBC}") = "VR_Car_v3", "Assembly-CSharp-Editor.csproj", "{4C3B4B9E-166E-37BB-8DA0-5859397EEC9D}"
EndProject
Global
	GlobalSection(SolutionConfigurationPlatforms) = preSolution
		Debug|Any CPU = Debug|Any CPU
		Release|Any CPU = Release|Any CPU
	EndGlobalSection
	GlobalSection(ProjectConfigurationPlatforms) = postSolution
		{A6587CCE-81B1-CE9E-2862-73AEDD47ED0E}.Debug|Any CPU.ActiveCfg = Debug|Any CPU
		{A6587CCE-81B1-CE9E-2862-73AEDD47ED0E}.Debug|Any CPU.Build.0 = Debug|Any CPU
		{A6587CCE-81B1-CE9E-2862-73AEDD47ED0E}.Release|Any CPU.ActiveCfg = Release|Any CPU
		{A6587CCE-81B1-CE9E-2862-73AEDD47ED0E}.Release|Any CPU.Build.0 = Release|Any CPU
		{4C3B4B9E-166E-37BB-8DA0-5859397EEC9D}.Debug|Any CPU.ActiveCfg = Debug|Any CPU
		{4C3B4B9E-166E-37BB-8DA0-5859397EEC9D}.Debug|Any CPU.Build.0 = Debug|Any CPU
		{4C3B4B9E-166E-37BB-8DA0-5859397EEC9D}.Release|Any CPU.ActiveCfg = Release|Any CPU
		{4C3B4B9E-166E-37BB-8DA0-5859397EEC9D}.Release|Any CPU.Build.0 = Release|Any CPU
	EndGlobalSection
	GlobalSection(SolutionProperties) = preSolution
		HideSolutionNode = FALSE
	EndGlobalSection
	GlobalSection(MonoDevelopProperties) = preSolution
		StartupItem = Assembly-CSharp.csproj
	EndGlobalSection
EndGlobal
